
Microsoft Visual Studio Solution File, Format Version 12.00
# Visual Studio 15
VisualStudioVersion = 15.0.26730.16
MinimumVisualStudioVersion = 10.0.40219.1
Project("{FAE04EC0-301F-11D3-BF4B-00C04F79EFBC}") = "homework03", "homework03\homework03.csproj", "{E618D17D-8659-49B1-AD0B-A18448F40939}"
EndProject
Global
	GlobalSection(SolutionConfigurationPlatforms) = preSolution
		Debug|Any CPU = Debug|Any CPU
		Release|Any CPU = Release|Any CPU
	EndGlobalSection
	GlobalSection(ProjectConfigurationPlatforms) = postSolution
		{E618D17D-8659-49B1-AD0B-A18448F40939}.Debug|Any CPU.ActiveCfg = Debug|Any CPU
		{E618D17D-8659-49B1-AD0B-A18448F40939}.Debug|Any CPU.Build.0 = Debug|Any CPU
		{E618D17D-8659-49B1-AD0B-A18448F40939}.Release|Any CPU.ActiveCfg = Release|Any CPU
		{E618D17D-8659-49B1-AD0B-A18448F40939}.Release|Any CPU.Build.0 = Release|Any CPU
	EndGlobalSection
	GlobalSection(SolutionProperties) = preSolution
		HideSolutionNode = FALSE
	EndGlobalSection
	GlobalSection(ExtensibilityGlobals) = postSolution
		SolutionGuid = {CBD8D0A5-2BB4-42DF-9C05-FEB45115E6D3}
	EndGlobalSection
EndGlobal
